<?xml version="1.0" encoding="UTF-8" standalone="yes" ?>
<CodeBlocks_project_file>
	<FileVersion major="1" minor="6" />
	<Project>
		<Option title="MainAssignment" />
		<Option pch_mode="2" />
		<Option compiler="gcc" />
		<Build>
			<Target title="Debug">
				<Option output="bin/Debug/MainAssignment" prefix_auto="1" extension_auto="1" />
				<Option object_output="obj/Debug/" />
				<Option type="1" />
				<Option compiler="gcc" />
				<Compiler>
					<Add option="-g" />
					<Add directory="include/UI" />
					<Add directory="include/Models" />
					<Add directory="include/Model" />
					<Add directory="include/Services" />
					<Add directory="include/Repositories" />
				</Compiler>
			</Target>
			<Target title="Release">
				<Option output="bin/Release/MainAssignment" prefix_auto="1" extension_auto="1" />
				<Option object_output="obj/Release/" />
				<Option type="1" />
				<Option compiler="gcc" />
				<Compiler>
					<Add option="-O2" />
					<Add directory="include/UI" />
					<Add directory="include/Models" />
					<Add directory="include/Model" />
					<Add directory="include/Services" />
					<Add directory="include/Repositories" />
				</Compiler>
				<Linker>
					<Add option="-s" />
				</Linker>
			</Target>
		</Build>
		<Compiler>
			<Add option="-Wall" />
			<Add option="-fexceptions" />
		</Compiler>
		<Unit filename="include/Exceptions/InvalidInchesEx.h" />
		<Unit filename="include/Exceptions/InvalidNameEx.h" />
		<Unit filename="include/Exceptions/InvalidTypeEx.h" />
		<Unit filename="include/Model/menu_pizza.h" />
		<Unit filename="include/Model/orders.h" />
		<Unit filename="include/Model/pizza.h" />
		<Unit filename="include/Model/sides.h" />
		<Unit filename="include/Model/soda.h" />
		<Unit filename="include/Model/topping.h" />
		<Unit filename="include/Model/vectors.h" />
		<Unit filename="include/Repositories/ToppingRepository.h" />
		<Unit filename="include/Repositories/admin_repo.h" />
		<Unit filename="include/Repositories/baker_repo.h" />
		<Unit filename="include/Repositories/delivery_repo.h" />
		<Unit filename="include/Repositories/salesperson_repo.h" />
		<Unit filename="include/Services/admin_service.h" />
		<Unit filename="include/Services/baker_service.h" />
		<Unit filename="include/Services/delivery_service.h" />
		<Unit filename="include/Services/salesperson_service.h" />
		<Unit filename="include/Services/topping_service.h" />
		<Unit filename="include/UI/adminui.h" />
		<Unit filename="include/UI/bakerui.h" />
		<Unit filename="include/UI/deliveryui.h" />
		<Unit filename="include/UI/mainui.h" />
		<Unit filename="include/UI/salespersonui.h" />
		<Unit filename="main.cpp" />
		<Unit filename="src/Exceptions/InvalidInchesEx.cpp" />
		<Unit filename="src/Exceptions/InvalidNameEx.cpp" />
		<Unit filename="src/Exceptions/InvalidTypeEx.cpp" />
		<Unit filename="src/Model/menu_pizza.cpp" />
		<Unit filename="src/Model/orders.cpp" />
		<Unit filename="src/Model/pizza.cpp" />
		<Unit filename="src/Model/sides.cpp" />
		<Unit filename="src/Model/soda.cpp" />
		<Unit filename="src/Model/topping.cpp" />
		<Unit filename="src/Model/vectors.cpp" />
		<Unit filename="src/Repositories/ToppingRepository.cpp" />
		<Unit filename="src/Repositories/admin_repo.cpp" />
		<Unit filename="src/Repositories/baker_repo.cpp" />
		<Unit filename="src/Repositories/delivery_repo.cpp" />
		<Unit filename="src/Repositories/salesperson_repo.cpp" />
		<Unit filename="src/Services/admin_service.cpp" />
		<Unit filename="src/Services/baker_service.cpp" />
		<Unit filename="src/Services/delivery_service.cpp" />
		<Unit filename="src/Services/salesperson_service.cpp" />
		<Unit filename="src/Services/topping_service.cpp" />
		<Unit filename="src/UI/adminui.cpp" />
		<Unit filename="src/UI/bakerui.cpp" />
		<Unit filename="src/UI/deliveryui.cpp" />
		<Unit filename="src/UI/mainui.cpp" />
		<Unit filename="src/UI/salespersonui.cpp" />
		<Extensions>
			<code_completion />
			<envvars />
			<debugger />
		</Extensions>
	</Project>
</CodeBlocks_project_file>
